# This file is automatically @generated by Cargo.
# It is not intended for manual editing.
version = 4

[[package]]
name = "agenterm-platform"
version = "0.1.12"
source = "git+https://github.com/mgttt/agenterm.git?rev=d15c18f3c6d10a76df7a1dafb1c6fb795fa6054a#d15c18f3c6d10a76df7a1dafb1c6fb795fa6054a"
dependencies = [
 "libc",
 "windows-sys",
]

[[package]]
name = "libc"
version = "0.2.189"
source = "registry+https://github.com/rust-lang/crates.io-index"
checksum = "3eaf3ede3fee6db1a4c2ee091bf8a8b4dccdc6d17f656fb07896ee72867612f2"

[[package]]
name = "wbox"
version = "1.0.0-rc2"
dependencies = [
 "agenterm-platform",
 "libc",
 "wbox-codec",
 "wbox-http",
 "wbox-linux",
 "wbox-machine",
 "windows-sys",
]

[[package]]
name = "wbox-codec"
version = "1.0.0-rc2"

[[package]]
name = "wbox-hpc-lab"
version = "1.0.0-rc2"
dependencies = [
 "agenterm-platform",
 "wbox-machine",
]

[[package]]
name = "wbox-http"
version = "1.0.0-rc2"
dependencies = [
 "wbox-codec",
 "wbox-tls",
]

[[package]]
name = "wbox-linux"
version = "1.0.0-rc2"
dependencies = [
 "agenterm-platform",
]

[[package]]
name = "wbox-machine"
version = "1.0.0-rc2"
dependencies = [
 "agenterm-platform",
]

[[package]]
name = "wbox-tls"
version = "1.0.0-rc2"
dependencies = [
 "agenterm-platform",
 "wbox-codec",
]

[[package]]
name = "windows-link"
version = "0.2.1"
source = "registry+https://github.com/rust-lang/crates.io-index"
checksum = "f0805222e57f7521d6a62e36fa9163bc891acd422f971defe97d64e70d0a4fe5"

[[package]]
name = "windows-sys"
version = "0.61.2"
source = "registry+https://github.com/rust-lang/crates.io-index"
checksum = "ae137229bcbd6cdf0f7b80a31df61766145077ddf49416a728b02cb3921ff3fc"
dependencies = [
 "windows-link",
]
